// !$*UTF8*$!
{
	archiveVersion = 1;
	classes = {
	};
	objectVersion = 48;
	objects = {

/* Begin PBXBuildFile section */
		4A3830CCFC9A647E030E3980 /* Pods_WeatherApp.framework in Frameworks */ = {isa = PBXBuildFile; fileRef = 027AFDAFCBA7DD65D7777208 /* Pods_WeatherApp.framework */; };
		CF56E69A2108857A006D6B97 /* CityCoordinates.swift in Sources */ = {isa = PBXBuildFile; fileRef = CF56E6992108857A006D6B97 /* CityCoordinates.swift */; };
		CF56E69C21088D3C006D6B97 /* WeatherData.swift in Sources */ = {isa = PBXBuildFile; fileRef = CF56E69B21088D3C006D6B97 /* WeatherData.swift */; };
		CF56E69E21089D01006D6B97 /* HomeViewModel.swift in Sources */ = {isa = PBXBuildFile; fileRef = CF56E69D21089D01006D6B97 /* HomeViewModel.swift */; };
		CF5775BA21086847006A077F /* DarkSkyService.swift in Sources */ = {isa = PBXBuildFile; fileRef = CF5775B921086847006A077F /* DarkSkyService.swift */; };
		CF5775BC21086880006A077F /* GeoNamesService.swift in Sources */ = {isa = PBXBuildFile; fileRef = CF5775BB21086880006A077F /* GeoNamesService.swift */; };
		CF5775C021086C78006A077F /* DarkSkyJSONModel.swift in Sources */ = {isa = PBXBuildFile; fileRef = CF5775BF21086C78006A077F /* DarkSkyJSONModel.swift */; };
		CF5775C2210883EE006A077F /* DataAndErrorWrapper.swift in Sources */ = {isa = PBXBuildFile; fileRef = CF5775C1210883EE006A077F /* DataAndErrorWrapper.swift */; };
		CF62A4BA210B5DEF00A9468B /* AlternateNames.swift in Sources */ = {isa = PBXBuildFile; fileRef = CF62A4B4210B5DEE00A9468B /* AlternateNames.swift */; };
		CF62A4BB210B5DEF00A9468B /* Geonames.swift in Sources */ = {isa = PBXBuildFile; fileRef = CF62A4B5210B5DEE00A9468B /* Geonames.swift */; };
		CF62A4BC210B5DEF00A9468B /* AdminCodes1.swift in Sources */ = {isa = PBXBuildFile; fileRef = CF62A4B6210B5DEE00A9468B /* AdminCodes1.swift */; };
		CF62A4BD210B5DEF00A9468B /* Timezone.swift in Sources */ = {isa = PBXBuildFile; fileRef = CF62A4B7210B5DEF00A9468B /* Timezone.swift */; };
		CF62A4BE210B5DEF00A9468B /* Bbox.swift in Sources */ = {isa = PBXBuildFile; fileRef = CF62A4B8210B5DEF00A9468B /* Bbox.swift */; };
		CF62A4BF210B5DEF00A9468B /* Json4Swift_Base.swift in Sources */ = {isa = PBXBuildFile; fileRef = CF62A4B9210B5DEF00A9468B /* Json4Swift_Base.swift */; };
		CF62A4C1210B6B1F00A9468B /* DissmissViewDelegate.swift in Sources */ = {isa = PBXBuildFile; fileRef = CF62A4C0210B6B1F00A9468B /* DissmissViewDelegate.swift */; };
		CF62A4C7210B715900A9468B /* SettingsCoordinator.swift in Sources */ = {isa = PBXBuildFile; fileRef = CF62A4C6210B715900A9468B /* SettingsCoordinator.swift */; };
		CF62A4C9210B717B00A9468B /* SettingsViewModel.swift in Sources */ = {isa = PBXBuildFile; fileRef = CF62A4C8210B717B00A9468B /* SettingsViewModel.swift */; };
		CF62A4CB210B71A100A9468B /* SettingsViewController.swift in Sources */ = {isa = PBXBuildFile; fileRef = CF62A4CA210B71A100A9468B /* SettingsViewController.swift */; };
		CF62A4CD210B764600A9468B /* SettingsViewDelegate.swift in Sources */ = {isa = PBXBuildFile; fileRef = CF62A4CC210B764600A9468B /* SettingsViewDelegate.swift */; };
		CF7B2781210AF1A300CFBE16 /* ErrorController.swift in Sources */ = {isa = PBXBuildFile; fileRef = CF7B2780210AF1A300CFBE16 /* ErrorController.swift */; };
		CF7B2784210AF21000CFBE16 /* AppCoordinator.swift in Sources */ = {isa = PBXBuildFile; fileRef = CF7B2783210AF21000CFBE16 /* AppCoordinator.swift */; };
		CF7B2786210AF2A800CFBE16 /* Coordinator.swift in Sources */ = {isa = PBXBuildFile; fileRef = CF7B2785210AF2A800CFBE16 /* Coordinator.swift */; };
		CF7B2788210AF2E300CFBE16 /* CoordinatorDelegate.swift in Sources */ = {isa = PBXBuildFile; fileRef = CF7B2787210AF2E300CFBE16 /* CoordinatorDelegate.swift */; };
		CF7B278A210AF4AF00CFBE16 /* HomeCoordinator.swift in Sources */ = {isa = PBXBuildFile; fileRef = CF7B2789210AF4AF00CFBE16 /* HomeCoordinator.swift */; };
		CF8A635D2108558700215C97 /* AppDelegate.swift in Sources */ = {isa = PBXBuildFile; fileRef = CF8A635C2108558700215C97 /* AppDelegate.swift */; };
		CF8A635F2108558700215C97 /* HomeViewController.swift in Sources */ = {isa = PBXBuildFile; fileRef = CF8A635E2108558700215C97 /* HomeViewController.swift */; };
		CF8A63622108558700215C97 /* Main.storyboard in Resources */ = {isa = PBXBuildFile; fileRef = CF8A63602108558700215C97 /* Main.storyboard */; };
		CF8A63642108558700215C97 /* Assets.xcassets in Resources */ = {isa = PBXBuildFile; fileRef = CF8A63632108558700215C97 /* Assets.xcassets */; };
		CF8A63672108558700215C97 /* LaunchScreen.storyboard in Resources */ = {isa = PBXBuildFile; fileRef = CF8A63652108558700215C97 /* LaunchScreen.storyboard */; };
		CFA2AE1B2109FCDA00510A75 /* GothamRounded-Light.otf in Resources */ = {isa = PBXBuildFile; fileRef = CFA2AE192109FCDA00510A75 /* GothamRounded-Light.otf */; };
		CFA2AE1C2109FCDA00510A75 /* GothamRounded-Book.otf in Resources */ = {isa = PBXBuildFile; fileRef = CFA2AE1A2109FCDA00510A75 /* GothamRounded-Book.otf */; };
		CFB4D8EF2110374E001D90BD /* SettingsModel.swift in Sources */ = {isa = PBXBuildFile; fileRef = CFB4D8EE2110374E001D90BD /* SettingsModel.swift */; };
		CFEFB94C210AFEC600CCA044 /* SearchViewController.swift in Sources */ = {isa = PBXBuildFile; fileRef = CFEFB94B210AFEC600CCA044 /* SearchViewController.swift */; };
		CFEFB94E210AFF9900CCA044 /* SearchViewModel.swift in Sources */ = {isa = PBXBuildFile; fileRef = CFEFB94D210AFF9900CCA044 /* SearchViewModel.swift */; };
		CFEFB950210B001500CCA044 /* SearchCoordinator.swift in Sources */ = {isa = PBXBuildFile; fileRef = CFEFB94F210B001500CCA044 /* SearchCoordinator.swift */; };
		CFEFB952210B11D900CCA044 /* SearchViewDelegate.swift in Sources */ = {isa = PBXBuildFile; fileRef = CFEFB951210B11D900CCA044 /* SearchViewDelegate.swift */; };
		CFEFB956210B1A3C00CCA044 /* CityViewCell.swift in Sources */ = {isa = PBXBuildFile; fileRef = CFEFB955210B1A3C00CCA044 /* CityViewCell.swift */; };
		CFEFB959210B1A5800CCA044 /* WeatherViewCellDelegate.swift in Sources */ = {isa = PBXBuildFile; fileRef = CFEFB958210B1A5800CCA044 /* WeatherViewCellDelegate.swift */; };
		CFEFEB38210EE8300055CEAF /* RealmService.swift in Sources */ = {isa = PBXBuildFile; fileRef = CFEFEB37210EE8300055CEAF /* RealmService.swift */; };
/* End PBXBuildFile section */

/* Begin PBXFileReference section */
		027AFDAFCBA7DD65D7777208 /* Pods_WeatherApp.framework */ = {isa = PBXFileReference; explicitFileType = wrapper.framework; includeInIndex = 0; path = Pods_WeatherApp.framework; sourceTree = BUILT_PRODUCTS_DIR; };
		74AC0414418713514CB7EF92 /* Pods-WeatherApp.release.xcconfig */ = {isa = PBXFileReference; includeInIndex = 1; lastKnownFileType = text.xcconfig; name = "Pods-WeatherApp.release.xcconfig"; path = "Pods/Target Support Files/Pods-WeatherApp/Pods-WeatherApp.release.xcconfig"; sourceTree = "<group>"; };
		99F9E7795B98FA7A2D17B027 /* Pods-WeatherApp.debug.xcconfig */ = {isa = PBXFileReference; includeInIndex = 1; lastKnownFileType = text.xcconfig; name = "Pods-WeatherApp.debug.xcconfig"; path = "Pods/Target Support Files/Pods-WeatherApp/Pods-WeatherApp.debug.xcconfig"; sourceTree = "<group>"; };
		CF56E6992108857A006D6B97 /* CityCoordinates.swift */ = {isa = PBXFileReference; lastKnownFileType = sourcecode.swift; path = CityCoordinates.swift; sourceTree = "<group>"; };
		CF56E69B21088D3C006D6B97 /* WeatherData.swift */ = {isa = PBXFileReference; lastKnownFileType = sourcecode.swift; path = WeatherData.swift; sourceTree = "<group>"; };
		CF56E69D21089D01006D6B97 /* HomeViewModel.swift */ = {isa = PBXFileReference; lastKnownFileType = sourcecode.swift; path = HomeViewModel.swift; sourceTree = "<group>"; };
		CF5775B921086847006A077F /* DarkSkyService.swift */ = {isa = PBXFileReference; lastKnownFileType = sourcecode.swift; path = DarkSkyService.swift; sourceTree = "<group>"; };
		CF5775BB21086880006A077F /* GeoNamesService.swift */ = {isa = PBXFileReference; lastKnownFileType = sourcecode.swift; path = GeoNamesService.swift; sourceTree = "<group>"; };
		CF5775BF21086C78006A077F /* DarkSkyJSONModel.swift */ = {isa = PBXFileReference; lastKnownFileType = sourcecode.swift; path = DarkSkyJSONModel.swift; sourceTree = "<group>"; };
		CF5775C1210883EE006A077F /* DataAndErrorWrapper.swift */ = {isa = PBXFileReference; lastKnownFileType = sourcecode.swift; path = DataAndErrorWrapper.swift; sourceTree = "<group>"; };
		CF62A4B4210B5DEE00A9468B /* AlternateNames.swift */ = {isa = PBXFileReference; fileEncoding = 4; lastKnownFileType = sourcecode.swift; path = AlternateNames.swift; sourceTree = "<group>"; };
		CF62A4B5210B5DEE00A9468B /* Geonames.swift */ = {isa = PBXFileReference; fileEncoding = 4; lastKnownFileType = sourcecode.swift; path = Geonames.swift; sourceTree = "<group>"; };
		CF62A4B6210B5DEE00A9468B /* AdminCodes1.swift */ = {isa = PBXFileReference; fileEncoding = 4; lastKnownFileType = sourcecode.swift; path = AdminCodes1.swift; sourceTree = "<group>"; };
		CF62A4B7210B5DEF00A9468B /* Timezone.swift */ = {isa = PBXFileReference; fileEncoding = 4; lastKnownFileType = sourcecode.swift; path = Timezone.swift; sourceTree = "<group>"; };
		CF62A4B8210B5DEF00A9468B /* Bbox.swift */ = {isa = PBXFileReference; fileEncoding = 4; lastKnownFileType = sourcecode.swift; path = Bbox.swift; sourceTree = "<group>"; };
		CF62A4B9210B5DEF00A9468B /* Json4Swift_Base.swift */ = {isa = PBXFileReference; fileEncoding = 4; lastKnownFileType = sourcecode.swift; path = Json4Swift_Base.swift; sourceTree = "<group>"; };
		CF62A4C0210B6B1F00A9468B /* DissmissViewDelegate.swift */ = {isa = PBXFileReference; lastKnownFileType = sourcecode.swift; path = DissmissViewDelegate.swift; sourceTree = "<group>"; };
		CF62A4C6210B715900A9468B /* SettingsCoordinator.swift */ = {isa = PBXFileReference; lastKnownFileType = sourcecode.swift; path = SettingsCoordinator.swift; sourceTree = "<group>"; };
		CF62A4C8210B717B00A9468B /* SettingsViewModel.swift */ = {isa = PBXFileReference; lastKnownFileType = sourcecode.swift; path = SettingsViewModel.swift; sourceTree = "<group>"; };
		CF62A4CA210B71A100A9468B /* SettingsViewController.swift */ = {isa = PBXFileReference; lastKnownFileType = sourcecode.swift; path = SettingsViewController.swift; sourceTree = "<group>"; };
		CF62A4CC210B764600A9468B /* SettingsViewDelegate.swift */ = {isa = PBXFileReference; lastKnownFileType = sourcecode.swift; path = SettingsViewDelegate.swift; sourceTree = "<group>"; };
		CF7B2780210AF1A300CFBE16 /* ErrorController.swift */ = {isa = PBXFileReference; lastKnownFileType = sourcecode.swift; path = ErrorController.swift; sourceTree = "<group>"; };
		CF7B2783210AF21000CFBE16 /* AppCoordinator.swift */ = {isa = PBXFileReference; lastKnownFileType = sourcecode.swift; path = AppCoordinator.swift; sourceTree = "<group>"; };
		CF7B2785210AF2A800CFBE16 /* Coordinator.swift */ = {isa = PBXFileReference; lastKnownFileType = sourcecode.swift; path = Coordinator.swift; sourceTree = "<group>"; };
		CF7B2787210AF2E300CFBE16 /* CoordinatorDelegate.swift */ = {isa = PBXFileReference; lastKnownFileType = sourcecode.swift; path = CoordinatorDelegate.swift; sourceTree = "<group>"; };
		CF7B2789210AF4AF00CFBE16 /* HomeCoordinator.swift */ = {isa = PBXFileReference; lastKnownFileType = sourcecode.swift; path = HomeCoordinator.swift; sourceTree = "<group>"; };
		CF8A63592108558700215C97 /* WeatherApp.app */ = {isa = PBXFileReference; explicitFileType = wrapper.application; includeInIndex = 0; path = WeatherApp.app; sourceTree = BUILT_PRODUCTS_DIR; };
		CF8A635C2108558700215C97 /* AppDelegate.swift */ = {isa = PBXFileReference; lastKnownFileType = sourcecode.swift; path = AppDelegate.swift; sourceTree = "<group>"; };
		CF8A635E2108558700215C97 /* HomeViewController.swift */ = {isa = PBXFileReference; lastKnownFileType = sourcecode.swift; path = HomeViewController.swift; sourceTree = "<group>"; };
		CF8A63612108558700215C97 /* Base */ = {isa = PBXFileReference; lastKnownFileType = file.storyboard; name = Base; path = Base.lproj/Main.storyboard; sourceTree = "<group>"; };
		CF8A63632108558700215C97 /* Assets.xcassets */ = {isa = PBXFileReference; lastKnownFileType = folder.assetcatalog; path = Assets.xcassets; sourceTree = "<group>"; };
		CF8A63662108558700215C97 /* Base */ = {isa = PBXFileReference; lastKnownFileType = file.storyboard; name = Base; path = Base.lproj/LaunchScreen.storyboard; sourceTree = "<group>"; };
		CF8A63682108558700215C97 /* Info.plist */ = {isa = PBXFileReference; lastKnownFileType = text.plist.xml; path = Info.plist; sourceTree = "<group>"; };
		CFA2AE192109FCDA00510A75 /* GothamRounded-Light.otf */ = {isa = PBXFileReference; lastKnownFileType = file; name = "GothamRounded-Light.otf"; path = "../../../../../FONTS/GothamRounded-Light.otf"; sourceTree = "<group>"; };
		CFA2AE1A2109FCDA00510A75 /* GothamRounded-Book.otf */ = {isa = PBXFileReference; lastKnownFileType = file; name = "GothamRounded-Book.otf"; path = "../../../../../FONTS/GothamRounded-Book.otf"; sourceTree = "<group>"; };
		CFB4D8EE2110374E001D90BD /* SettingsModel.swift */ = {isa = PBXFileReference; lastKnownFileType = sourcecode.swift; path = SettingsModel.swift; sourceTree = "<group>"; };
		CFEFB94B210AFEC600CCA044 /* SearchViewController.swift */ = {isa = PBXFileReference; lastKnownFileType = sourcecode.swift; path = SearchViewController.swift; sourceTree = "<group>"; };
		CFEFB94D210AFF9900CCA044 /* SearchViewModel.swift */ = {isa = PBXFileReference; lastKnownFileType = sourcecode.swift; path = SearchViewModel.swift; sourceTree = "<group>"; };
		CFEFB94F210B001500CCA044 /* SearchCoordinator.swift */ = {isa = PBXFileReference; lastKnownFileType = sourcecode.swift; path = SearchCoordinator.swift; sourceTree = "<group>"; };
		CFEFB951210B11D900CCA044 /* SearchViewDelegate.swift */ = {isa = PBXFileReference; lastKnownFileType = sourcecode.swift; path = SearchViewDelegate.swift; sourceTree = "<group>"; };
		CFEFB955210B1A3C00CCA044 /* CityViewCell.swift */ = {isa = PBXFileReference; lastKnownFileType = sourcecode.swift; path = CityViewCell.swift; sourceTree = "<group>"; };
		CFEFB958210B1A5800CCA044 /* WeatherViewCellDelegate.swift */ = {isa = PBXFileReference; lastKnownFileType = sourcecode.swift; path = WeatherViewCellDelegate.swift; sourceTree = "<group>"; };
		CFEFEB37210EE8300055CEAF /* RealmService.swift */ = {isa = PBXFileReference; lastKnownFileType = sourcecode.swift; path = RealmService.swift; sourceTree = "<group>"; };
/* End PBXFileReference section */

/* Begin PBXFrameworksBuildPhase section */
		CF8A63562108558700215C97 /* Frameworks */ = {
			isa = PBXFrameworksBuildPhase;
			buildActionMask = 2147483647;
			files = (
				4A3830CCFC9A647E030E3980 /* Pods_WeatherApp.framework in Frameworks */,
			);
			runOnlyForDeploymentPostprocessing = 0;
		};
/* End PBXFrameworksBuildPhase section */

/* Begin PBXGroup section */
		4A7D29DEE528D02647C3AF26 /* Pods */ = {
			isa = PBXGroup;
			children = (
				99F9E7795B98FA7A2D17B027 /* Pods-WeatherApp.debug.xcconfig */,
				74AC0414418713514CB7EF92 /* Pods-WeatherApp.release.xcconfig */,
			);
			name = Pods;
			sourceTree = "<group>";
		};
		5A995DB0F144980D8CCD95F6 /* Frameworks */ = {
			isa = PBXGroup;
			children = (
				027AFDAFCBA7DD65D7777208 /* Pods_WeatherApp.framework */,
			);
			name = Frameworks;
			sourceTree = "<group>";
		};
		CF56E69F2108C0FA006D6B97 /* Services */ = {
			isa = PBXGroup;
			children = (
				CF5775B921086847006A077F /* DarkSkyService.swift */,
				CF5775BB21086880006A077F /* GeoNamesService.swift */,
				CFEFEB37210EE8300055CEAF /* RealmService.swift */,
			);
			path = Services;
			sourceTree = "<group>";
		};
		CF5775B121085C11006A077F /* Resources */ = {
			isa = PBXGroup;
			children = (
				CFA2AE162109FA5100510A75 /* fonts */,
				CF8A63632108558700215C97 /* Assets.xcassets */,
			);
			path = Resources;
			sourceTree = "<group>";
		};
		CF5775B221085C2B006A077F /* StorryBoard */ = {
			isa = PBXGroup;
			children = (
				CF8A63652108558700215C97 /* LaunchScreen.storyboard */,
				CF8A63602108558700215C97 /* Main.storyboard */,
			);
			path = StorryBoard;
			sourceTree = "<group>";
		};
		CF5775B321085C68006A077F /* View */ = {
			isa = PBXGroup;
			children = (
				CF8A635E2108558700215C97 /* HomeViewController.swift */,
			);
			path = View;
			sourceTree = "<group>";
		};
		CF5775B421085C70006A077F /* ViewModel */ = {
			isa = PBXGroup;
			children = (
				CF56E69D21089D01006D6B97 /* HomeViewModel.swift */,
			);
			path = ViewModel;
			sourceTree = "<group>";
		};
		CF62A4B3210B5DDA00A9468B /* GeoJSONResponse */ = {
			isa = PBXGroup;
			children = (
				CF62A4B6210B5DEE00A9468B /* AdminCodes1.swift */,
				CF62A4B4210B5DEE00A9468B /* AlternateNames.swift */,
				CF62A4B8210B5DEF00A9468B /* Bbox.swift */,
				CF62A4B5210B5DEE00A9468B /* Geonames.swift */,
				CF62A4B9210B5DEF00A9468B /* Json4Swift_Base.swift */,
				CF62A4B7210B5DEF00A9468B /* Timezone.swift */,
			);
			path = GeoJSONResponse;
			sourceTree = "<group>";
		};
		CF62A4C2210B6FC700A9468B /* Settings */ = {
			isa = PBXGroup;
			children = (
				CF62A4C5210B712700A9468B /* Coordinator */,
				CF62A4C4210B711300A9468B /* ViewModel */,
				CF62A4C3210B710200A9468B /* View */,
			);
			path = Settings;
			sourceTree = "<group>";
		};
		CF62A4C3210B710200A9468B /* View */ = {
			isa = PBXGroup;
			children = (
				CF62A4CA210B71A100A9468B /* SettingsViewController.swift */,
			);
			path = View;
			sourceTree = "<group>";
		};
		CF62A4C4210B711300A9468B /* ViewModel */ = {
			isa = PBXGroup;
			children = (
				CF62A4C8210B717B00A9468B /* SettingsViewModel.swift */,
			);
			path = ViewModel;
			sourceTree = "<group>";
		};
		CF62A4C5210B712700A9468B /* Coordinator */ = {
			isa = PBXGroup;
			children = (
				CF62A4C6210B715900A9468B /* SettingsCoordinator.swift */,
			);
			path = Coordinator;
			sourceTree = "<group>";
		};
		CF7B2782210AF1F900CFBE16 /* Coordinators */ = {
			isa = PBXGroup;
			children = (
				CF7B2783210AF21000CFBE16 /* AppCoordinator.swift */,
				CF7B2785210AF2A800CFBE16 /* Coordinator.swift */,
				CF7B2787210AF2E300CFBE16 /* CoordinatorDelegate.swift */,
				CFEFB951210B11D900CCA044 /* SearchViewDelegate.swift */,
				CF62A4C0210B6B1F00A9468B /* DissmissViewDelegate.swift */,
				CF62A4CC210B764600A9468B /* SettingsViewDelegate.swift */,
			);
			path = Coordinators;
			sourceTree = "<group>";
		};
		CF7B278B210AF56F00CFBE16 /* Coordinator */ = {
			isa = PBXGroup;
			children = (
				CF7B2789210AF4AF00CFBE16 /* HomeCoordinator.swift */,
			);
			path = Coordinator;
			sourceTree = "<group>";
		};
		CF8A63502108558700215C97 = {
			isa = PBXGroup;
			children = (
				CF8A635B2108558700215C97 /* WeatherApp */,
				CF8A635A2108558700215C97 /* Products */,
				4A7D29DEE528D02647C3AF26 /* Pods */,
				5A995DB0F144980D8CCD95F6 /* Frameworks */,
			);
			sourceTree = "<group>";
		};
		CF8A635A2108558700215C97 /* Products */ = {
			isa = PBXGroup;
			children = (
				CF8A63592108558700215C97 /* WeatherApp.app */,
			);
			name = Products;
			sourceTree = "<group>";
		};
		CF8A635B2108558700215C97 /* WeatherApp */ = {
			isa = PBXGroup;
			children = (
				CFC8D7452109C6C7006A2145 /* Error */,
				CFEFB957210B1A4000CCA044 /* WeatherCell */,
				CF7B2782210AF1F900CFBE16 /* Coordinators */,
				CF8A636E210856AC00215C97 /* Home */,
				CFEFB947210AFB5A00CCA044 /* Seaarch */,
				CF62A4C2210B6FC700A9468B /* Settings */,
				CF8A6371210856B600215C97 /* Model */,
				CF5775B121085C11006A077F /* Resources */,
				CF8A635C2108558700215C97 /* AppDelegate.swift */,
				CF8A63682108558700215C97 /* Info.plist */,
			);
			path = WeatherApp;
			sourceTree = "<group>";
		};
		CF8A636E210856AC00215C97 /* Home */ = {
			isa = PBXGroup;
			children = (
				CF5775B321085C68006A077F /* View */,
				CF7B278B210AF56F00CFBE16 /* Coordinator */,
				CF5775B421085C70006A077F /* ViewModel */,
			);
			path = Home;
			sourceTree = "<group>";
		};
		CF8A6371210856B600215C97 /* Model */ = {
			isa = PBXGroup;
			children = (
				CF62A4B3210B5DDA00A9468B /* GeoJSONResponse */,
				CF56E69F2108C0FA006D6B97 /* Services */,
				CF5775BF21086C78006A077F /* DarkSkyJSONModel.swift */,
				CF5775C1210883EE006A077F /* DataAndErrorWrapper.swift */,
				CF56E6992108857A006D6B97 /* CityCoordinates.swift */,
				CF56E69B21088D3C006D6B97 /* WeatherData.swift */,
				CFB4D8EE2110374E001D90BD /* SettingsModel.swift */,
			);
			path = Model;
			sourceTree = "<group>";
		};
		CFA2AE162109FA5100510A75 /* fonts */ = {
			isa = PBXGroup;
			children = (
				CFA2AE1A2109FCDA00510A75 /* GothamRounded-Book.otf */,
				CFA2AE192109FCDA00510A75 /* GothamRounded-Light.otf */,
			);
			path = fonts;
			sourceTree = "<group>";
		};
		CFC8D7452109C6C7006A2145 /* Error */ = {
			isa = PBXGroup;
			children = (
				CF7B2780210AF1A300CFBE16 /* ErrorController.swift */,
				CF5775B221085C2B006A077F /* StorryBoard */,
			);
			path = Error;
			sourceTree = "<group>";
		};
		CFEFB947210AFB5A00CCA044 /* Seaarch */ = {
			isa = PBXGroup;
			children = (
				CFEFB94A210AFB7900CCA044 /* View */,
				CFEFB949210AFB6F00CCA044 /* ViewModel */,
				CFEFB948210AFB6400CCA044 /* Coordinator */,
			);
			path = Seaarch;
			sourceTree = "<group>";
		};
		CFEFB948210AFB6400CCA044 /* Coordinator */ = {
			isa = PBXGroup;
			children = (
				CFEFB94F210B001500CCA044 /* SearchCoordinator.swift */,
			);
			path = Coordinator;
			sourceTree = "<group>";
		};
		CFEFB949210AFB6F00CCA044 /* ViewModel */ = {
			isa = PBXGroup;
			children = (
				CFEFB94D210AFF9900CCA044 /* SearchViewModel.swift */,
			);
			path = ViewModel;
			sourceTree = "<group>";
		};
		CFEFB94A210AFB7900CCA044 /* View */ = {
			isa = PBXGroup;
			children = (
				CFEFB94B210AFEC600CCA044 /* SearchViewController.swift */,
			);
			path = View;
			sourceTree = "<group>";
		};
		CFEFB957210B1A4000CCA044 /* WeatherCell */ = {
			isa = PBXGroup;
			children = (
				CFEFB955210B1A3C00CCA044 /* CityViewCell.swift */,
				CFEFB958210B1A5800CCA044 /* WeatherViewCellDelegate.swift */,
			);
			path = WeatherCell;
			sourceTree = "<group>";
		};
/* End PBXGroup section */

/* Begin PBXNativeTarget section */
		CF8A63582108558700215C97 /* WeatherApp */ = {
			isa = PBXNativeTarget;
			buildConfigurationList = CF8A636B2108558700215C97 /* Build configuration list for PBXNativeTarget "WeatherApp" */;
			buildPhases = (
				201C699AB187679CCCCDF82F /* [CP] Check Pods Manifest.lock */,
				CF8A63552108558700215C97 /* Sources */,
				CF8A63562108558700215C97 /* Frameworks */,
				CF8A63572108558700215C97 /* Resources */,
				49C43D51595F50F0C978D87A /* [CP] Embed Pods Frameworks */,
			);
			buildRules = (
			);
			dependencies = (
			);
			name = WeatherApp;
			productName = WeatherApp;
			productReference = CF8A63592108558700215C97 /* WeatherApp.app */;
			productType = "com.apple.product-type.application";
		};
/* End PBXNativeTarget section */

/* Begin PBXProject section */
		CF8A63512108558700215C97 /* Project object */ = {
			isa = PBXProject;
			attributes = {
				LastSwiftUpdateCheck = 0920;
				LastUpgradeCheck = 0920;
				ORGANIZATIONNAME = "Mateo Došlić";
				TargetAttributes = {
					CF8A63582108558700215C97 = {
						CreatedOnToolsVersion = 9.2;
						ProvisioningStyle = Automatic;
					};
				};
			};
			buildConfigurationList = CF8A63542108558700215C97 /* Build configuration list for PBXProject "WeatherApp" */;
			compatibilityVersion = "Xcode 8.0";
			developmentRegion = en;
			hasScannedForEncodings = 0;
			knownRegions = (
				en,
				Base,
			);
			mainGroup = CF8A63502108558700215C97;
			productRefGroup = CF8A635A2108558700215C97 /* Products */;
			projectDirPath = "";
			projectRoot = "";
			targets = (
				CF8A63582108558700215C97 /* WeatherApp */,
			);
		};
/* End PBXProject section */

/* Begin PBXResourcesBuildPhase section */
		CF8A63572108558700215C97 /* Resources */ = {
			isa = PBXResourcesBuildPhase;
			buildActionMask = 2147483647;
			files = (
				CFA2AE1B2109FCDA00510A75 /* GothamRounded-Light.otf in Resources */,
				CF8A63672108558700215C97 /* LaunchScreen.storyboard in Resources */,
				CFA2AE1C2109FCDA00510A75 /* GothamRounded-Book.otf in Resources */,
				CF8A63642108558700215C97 /* Assets.xcassets in Resources */,
				CF8A63622108558700215C97 /* Main.storyboard in Resources */,
			);
			runOnlyForDeploymentPostprocessing = 0;
		};
/* End PBXResourcesBuildPhase section */

/* Begin PBXShellScriptBuildPhase section */
		201C699AB187679CCCCDF82F /* [CP] Check Pods Manifest.lock */ = {
			isa = PBXShellScriptBuildPhase;
			buildActionMask = 2147483647;
			files = (
			);
			inputPaths = (
				"${PODS_PODFILE_DIR_PATH}/Podfile.lock",
				"${PODS_ROOT}/Manifest.lock",
			);
			name = "[CP] Check Pods Manifest.lock";
			outputPaths = (
				"$(DERIVED_FILE_DIR)/Pods-WeatherApp-checkManifestLockResult.txt",
			);
			runOnlyForDeploymentPostprocessing = 0;
			shellPath = /bin/sh;
			shellScript = "diff \"${PODS_PODFILE_DIR_PATH}/Podfile.lock\" \"${PODS_ROOT}/Manifest.lock\" > /dev/null\nif [ $? != 0 ] ; then\n    # print error to STDERR\n    echo \"error: The sandbox is not in sync with the Podfile.lock. Run 'pod install' or update your CocoaPods installation.\" >&2\n    exit 1\nfi\n# This output is used by Xcode 'outputs' to avoid re-running this script phase.\necho \"SUCCESS\" > \"${SCRIPT_OUTPUT_FILE_0}\"\n";
			showEnvVarsInLog = 0;
		};
		49C43D51595F50F0C978D87A /* [CP] Embed Pods Frameworks */ = {
			isa = PBXShellScriptBuildPhase;
			buildActionMask = 2147483647;
			files = (
			);
			inputPaths = (
				"${SRCROOT}/Pods/Target Support Files/Pods-WeatherApp/Pods-WeatherApp-frameworks.sh",
				"${BUILT_PRODUCTS_DIR}/Alamofire/Alamofire.framework",
				"${BUILT_PRODUCTS_DIR}/AlamofireImage/AlamofireImage.framework",
				"${BUILT_PRODUCTS_DIR}/Realm/Realm.framework",
				"${BUILT_PRODUCTS_DIR}/RealmSwift/RealmSwift.framework",
				"${BUILT_PRODUCTS_DIR}/RxAlamofire/RxAlamofire.framework",
				"${BUILT_PRODUCTS_DIR}/RxCocoa/RxCocoa.framework",
				"${BUILT_PRODUCTS_DIR}/RxSwift/RxSwift.framework",
				"${BUILT_PRODUCTS_DIR}/SwiftyJSON/SwiftyJSON.framework",
			);
			name = "[CP] Embed Pods Frameworks";
			outputPaths = (
				"${TARGET_BUILD_DIR}/${FRAMEWORKS_FOLDER_PATH}/Alamofire.framework",
				"${TARGET_BUILD_DIR}/${FRAMEWORKS_FOLDER_PATH}/AlamofireImage.framework",
				"${TARGET_BUILD_DIR}/${FRAMEWORKS_FOLDER_PATH}/Realm.framework",
				"${TARGET_BUILD_DIR}/${FRAMEWORKS_FOLDER_PATH}/RealmSwift.framework",
				"${TARGET_BUILD_DIR}/${FRAMEWORKS_FOLDER_PATH}/RxAlamofire.framework",
				"${TARGET_BUILD_DIR}/${FRAMEWORKS_FOLDER_PATH}/RxCocoa.framework",
				"${TARGET_BUILD_DIR}/${FRAMEWORKS_FOLDER_PATH}/RxSwift.framework",
				"${TARGET_BUILD_DIR}/${FRAMEWORKS_FOLDER_PATH}/SwiftyJSON.framework",
			);
			runOnlyForDeploymentPostprocessing = 0;
			shellPath = /bin/sh;
			shellScript = "\"${SRCROOT}/Pods/Target Support Files/Pods-WeatherApp/Pods-WeatherApp-frameworks.sh\"\n";
			showEnvVarsInLog = 0;
		};
/* End PBXShellScriptBuildPhase section */

/* Begin PBXSourcesBuildPhase section */
		CF8A63552108558700215C97 /* Sources */ = {
			isa = PBXSourcesBuildPhase;
			buildActionMask = 2147483647;
			files = (
				CF62A4BE210B5DEF00A9468B /* Bbox.swift in Sources */,
				CFEFEB38210EE8300055CEAF /* RealmService.swift in Sources */,
				CFB4D8EF2110374E001D90BD /* SettingsModel.swift in Sources */,
				CF62A4BD210B5DEF00A9468B /* Timezone.swift in Sources */,
				CF7B2784210AF21000CFBE16 /* AppCoordinator.swift in Sources */,
				CF5775BC21086880006A077F /* GeoNamesService.swift in Sources */,
				CF7B278A210AF4AF00CFBE16 /* HomeCoordinator.swift in Sources */,
				CF62A4C9210B717B00A9468B /* SettingsViewModel.swift in Sources */,
				CF7B2786210AF2A800CFBE16 /* Coordinator.swift in Sources */,
				CFEFB950210B001500CCA044 /* SearchCoordinator.swift in Sources */,
				CF5775C021086C78006A077F /* DarkSkyJSONModel.swift in Sources */,
				CF7B2781210AF1A300CFBE16 /* ErrorController.swift in Sources */,
				CF8A635F2108558700215C97 /* HomeViewController.swift in Sources */,
				CF56E69E21089D01006D6B97 /* HomeViewModel.swift in Sources */,
				CF56E69A2108857A006D6B97 /* CityCoordinates.swift in Sources */,
				CFEFB94C210AFEC600CCA044 /* SearchViewController.swift in Sources */,
				CF62A4C1210B6B1F00A9468B /* DissmissViewDelegate.swift in Sources */,
				CF62A4C7210B715900A9468B /* SettingsCoordinator.swift in Sources */,
				CF62A4BC210B5DEF00A9468B /* AdminCodes1.swift in Sources */,
				CF7B2788210AF2E300CFBE16 /* CoordinatorDelegate.swift in Sources */,
				CF5775BA21086847006A077F /* DarkSkyService.swift in Sources */,
				CF62A4CB210B71A100A9468B /* SettingsViewController.swift in Sources */,
				CF5775C2210883EE006A077F /* DataAndErrorWrapper.swift in Sources */,
				CF62A4BA210B5DEF00A9468B /* AlternateNames.swift in Sources */,
				CF62A4BB210B5DEF00A9468B /* Geonames.swift in Sources */,
				CF62A4BF210B5DEF00A9468B /* Json4Swift_Base.swift in Sources */,
				CFEFB94E210AFF9900CCA044 /* SearchViewModel.swift in Sources */,
				CF56E69C21088D3C006D6B97 /* WeatherData.swift in Sources */,
				CFEFB959210B1A5800CCA044 /* WeatherViewCellDelegate.swift in Sources */,
				CF62A4CD210B764600A9468B /* SettingsViewDelegate.swift in Sources */,
				CFEFB956210B1A3C00CCA044 /* CityViewCell.swift in Sources */,
				CFEFB952210B11D900CCA044 /* SearchViewDelegate.swift in Sources */,
				CF8A635D2108558700215C97 /* AppDelegate.swift in Sources */,
			);
			runOnlyForDeploymentPostprocessing = 0;
		};
/* End PBXSourcesBuildPhase section */

/* Begin PBXVariantGroup section */
		CF8A63602108558700215C97 /* Main.storyboard */ = {
			isa = PBXVariantGroup;
			children = (
				CF8A63612108558700215C97 /* Base */,
			);
			name = Main.storyboard;
			sourceTree = "<group>";
		};
		CF8A63652108558700215C97 /* LaunchScreen.storyboard */ = {
			isa = PBXVariantGroup;
			children = (
				CF8A63662108558700215C97 /* Base */,
			);
			name = LaunchScreen.storyboard;
			sourceTree = "<group>";
		};
/* End PBXVariantGroup section */

/* Begin XCBuildConfiguration section */
		CF8A63692108558700215C97 /* Debug */ = {
			isa = XCBuildConfiguration;
			buildSettings = {
				ALWAYS_SEARCH_USER_PATHS = NO;
				CLANG_ANALYZER_NONNULL = YES;
				CLANG_ANALYZER_NUMBER_OBJECT_CONVERSION = YES_AGGRESSIVE;
				CLANG_CXX_LANGUAGE_STANDARD = "gnu++14";
				CLANG_CXX_LIBRARY = "libc++";
				CLANG_ENABLE_MODULES = YES;
				CLANG_ENABLE_OBJC_ARC = YES;
				CLANG_WARN_BLOCK_CAPTURE_AUTORELEASING = YES;
				CLANG_WARN_BOOL_CONVERSION = YES;
				CLANG_WARN_COMMA = YES;
				CLANG_WARN_CONSTANT_CONVERSION = YES;
				CLANG_WARN_DIRECT_OBJC_ISA_USAGE = YES_ERROR;
				CLANG_WARN_DOCUMENTATION_COMMENTS = YES;
				CLANG_WARN_EMPTY_BODY = YES;
				CLANG_WARN_ENUM_CONVERSION = YES;
				CLANG_WARN_INFINITE_RECURSION = YES;
				CLANG_WARN_INT_CONVERSION = YES;
				CLANG_WARN_NON_LITERAL_NULL_CONVERSION = YES;
				CLANG_WARN_OBJC_LITERAL_CONVERSION = YES;
				CLANG_WARN_OBJC_ROOT_CLASS = YES_ERROR;
				CLANG_WARN_RANGE_LOOP_ANALYSIS = YES;
				CLANG_WARN_STRICT_PROTOTYPES = YES;
				CLANG_WARN_SUSPICIOUS_MOVE = YES;
				CLANG_WARN_UNGUARDED_AVAILABILITY = YES_AGGRESSIVE;
				CLANG_WARN_UNREACHABLE_CODE = YES;
				CLANG_WARN__DUPLICATE_METHOD_MATCH = YES;
				CODE_SIGN_IDENTITY = "iPhone Developer";
				COPY_PHASE_STRIP = NO;
				DEBUG_INFORMATION_FORMAT = dwarf;
				ENABLE_STRICT_OBJC_MSGSEND = YES;
				ENABLE_TESTABILITY = YES;
				GCC_C_LANGUAGE_STANDARD = gnu11;
				GCC_DYNAMIC_NO_PIC = NO;
				GCC_NO_COMMON_BLOCKS = YES;
				GCC_OPTIMIZATION_LEVEL = 0;
				GCC_PREPROCESSOR_DEFINITIONS = (
					"DEBUG=1",
					"$(inherited)",
				);
				GCC_WARN_64_TO_32_BIT_CONVERSION = YES;
				GCC_WARN_ABOUT_RETURN_TYPE = YES_ERROR;
				GCC_WARN_UNDECLARED_SELECTOR = YES;
				GCC_WARN_UNINITIALIZED_AUTOS = YES_AGGRESSIVE;
				GCC_WARN_UNUSED_FUNCTION = YES;
				GCC_WARN_UNUSED_VARIABLE = YES;
				IPHONEOS_DEPLOYMENT_TARGET = 11.2;
				MTL_ENABLE_DEBUG_INFO = YES;
				ONLY_ACTIVE_ARCH = YES;
				SDKROOT = iphoneos;
				SWIFT_ACTIVE_COMPILATION_CONDITIONS = DEBUG;
				SWIFT_OPTIMIZATION_LEVEL = "-Onone";
			};
			name = Debug;
		};
		CF8A636A2108558700215C97 /* Release */ = {
			isa = XCBuildConfiguration;
			buildSettings = {
				ALWAYS_SEARCH_USER_PATHS = NO;
				CLANG_ANALYZER_NONNULL = YES;
				CLANG_ANALYZER_NUMBER_OBJECT_CONVERSION = YES_AGGRESSIVE;
				CLANG_CXX_LANGUAGE_STANDARD = "gnu++14";
				CLANG_CXX_LIBRARY = "libc++";
				CLANG_ENABLE_MODULES = YES;
				CLANG_ENABLE_OBJC_ARC = YES;
				CLANG_WARN_BLOCK_CAPTURE_AUTORELEASING = YES;
				CLANG_WARN_BOOL_CONVERSION = YES;
				CLANG_WARN_COMMA = YES;
				CLANG_WARN_CONSTANT_CONVERSION = YES;
				CLANG_WARN_DIRECT_OBJC_ISA_USAGE = YES_ERROR;
				CLANG_WARN_DOCUMENTATION_COMMENTS = YES;
				CLANG_WARN_EMPTY_BODY = YES;
				CLANG_WARN_ENUM_CONVERSION = YES;
				CLANG_WARN_INFINITE_RECURSION = YES;
				CLANG_WARN_INT_CONVERSION = YES;
				CLANG_WARN_NON_LITERAL_NULL_CONVERSION = YES;
				CLANG_WARN_OBJC_LITERAL_CONVERSION = YES;
				CLANG_WARN_OBJC_ROOT_CLASS = YES_ERROR;
				CLANG_WARN_RANGE_LOOP_ANALYSIS = YES;
				CLANG_WARN_STRICT_PROTOTYPES = YES;
				CLANG_WARN_SUSPICIOUS_MOVE = YES;
				CLANG_WARN_UNGUARDED_AVAILABILITY = YES_AGGRESSIVE;
				CLANG_WARN_UNREACHABLE_CODE = YES;
				CLANG_WARN__DUPLICATE_METHOD_MATCH = YES;
				CODE_SIGN_IDENTITY = "iPhone Developer";
				COPY_PHASE_STRIP = NO;
				DEBUG_INFORMATION_FORMAT = "dwarf-with-dsym";
				ENABLE_NS_ASSERTIONS = NO;
				ENABLE_STRICT_OBJC_MSGSEND = YES;
				GCC_C_LANGUAGE_STANDARD = gnu11;
				GCC_NO_COMMON_BLOCKS = YES;
				GCC_WARN_64_TO_32_BIT_CONVERSION = YES;
				GCC_WARN_ABOUT_RETURN_TYPE = YES_ERROR;
				GCC_WARN_UNDECLARED_SELECTOR = YES;
				GCC_WARN_UNINITIALIZED_AUTOS = YES_AGGRESSIVE;
				GCC_WARN_UNUSED_FUNCTION = YES;
				GCC_WARN_UNUSED_VARIABLE = YES;
				IPHONEOS_DEPLOYMENT_TARGET = 11.2;
				MTL_ENABLE_DEBUG_INFO = NO;
				SDKROOT = iphoneos;
				SWIFT_OPTIMIZATION_LEVEL = "-Owholemodule";
				VALIDATE_PRODUCT = YES;
			};
			name = Release;
		};
		CF8A636C2108558700215C97 /* Debug */ = {
			isa = XCBuildConfiguration;
			baseConfigurationReference = 99F9E7795B98FA7A2D17B027 /* Pods-WeatherApp.debug.xcconfig */;
			buildSettings = {
				ASSETCATALOG_COMPILER_APPICON_NAME = AppIcon;
				CODE_SIGN_STYLE = Automatic;
				DEVELOPMENT_TEAM = Z29U9TK6XW;
				INFOPLIST_FILE = WeatherApp/Info.plist;
				LD_RUNPATH_SEARCH_PATHS = "$(inherited) @executable_path/Frameworks";
				PRODUCT_BUNDLE_IDENTIFIER = i.WeatherApp;
				PRODUCT_NAME = "$(TARGET_NAME)";
				SWIFT_VERSION = 4.0;
				TARGETED_DEVICE_FAMILY = "1,2";
			};
			name = Debug;
		};
		CF8A636D2108558700215C97 /* Release */ = {
			isa = XCBuildConfiguration;
			baseConfigurationReference = 74AC0414418713514CB7EF92 /* Pods-WeatherApp.release.xcconfig */;
			buildSettings = {
				ASSETCATALOG_COMPILER_APPICON_NAME = AppIcon;
				CODE_SIGN_STYLE = Automatic;
				DEVELOPMENT_TEAM = Z29U9TK6XW;
				INFOPLIST_FILE = WeatherApp/Info.plist;
				LD_RUNPATH_SEARCH_PATHS = "$(inherited) @executable_path/Frameworks";
				PRODUCT_BUNDLE_IDENTIFIER = i.WeatherApp;
				PRODUCT_NAME = "$(TARGET_NAME)";
				SWIFT_VERSION = 4.0;
				TARGETED_DEVICE_FAMILY = "1,2";
			};
			name = Release;
		};
/* End XCBuildConfiguration section */

/* Begin XCConfigurationList section */
		CF8A63542108558700215C97 /* Build configuration list for PBXProject "WeatherApp" */ = {
			isa = XCConfigurationList;
			buildConfigurations = (
				CF8A63692108558700215C97 /* Debug */,
				CF8A636A2108558700215C97 /* Release */,
			);
			defaultConfigurationIsVisible = 0;
			defaultConfigurationName = Release;
		};
		CF8A636B2108558700215C97 /* Build configuration list for PBXNativeTarget "WeatherApp" */ = {
			isa = XCConfigurationList;
			buildConfigurations = (
				CF8A636C2108558700215C97 /* Debug */,
				CF8A636D2108558700215C97 /* Release */,
			);
			defaultConfigurationIsVisible = 0;
			defaultConfigurationName = Release;
		};
/* End XCConfigurationList section */
	};
	rootObject = CF8A63512108558700215C97 /* Project object */;
}
